{
  "name": "project1(noteapp)",
  "version": "1.0.0",
  "lockfileVersion": 3,
  "requires": true,
  "packages": {
    "": {
      "name": "project1(noteapp)",
      "version": "1.0.0",
      "license": "ISC",
      "dependencies": {
        "node": "^18.20.8"
      },
      "engines": {
        "node": "18.x"
      }
    },
    "node_modules/node": {
      "version": "18.20.8",
      "resolved": "https://registry.npmjs.org/node/-/node-18.20.8.tgz",
      "integrity": "sha512-oQSpVXWlayMuvIRCn/CiA9UQtEq/vdiPGeBcKE9JP3uAfJn00vMJA7rlNvjxzbIj98eu52SEHmQBQI/ngMCWOw==",
      "hasInstallScript": true,
      "license": "ISC",
      "dependencies": {
        "node-bin-setup": "^1.0.0"
      },
      "bin": {
        "node": "bin/node"
      },
      "engines": {
        "npm": ">=5.0.0"
      }
    },
    "node_modules/node-bin-setup": {
      "version": "1.1.4",
      "resolved": "https://registry.npmjs.org/node-bin-setup/-/node-bin-setup-1.1.4.tgz",
      "integrity": "sha512-vWNHOne0ZUavArqPP5LJta50+S8R261Fr5SvGul37HbEDcowvLjwdvd0ZeSr0r2lTSrPxl6okq9QUw8BFGiAxA==",
      "license": "ISC"
    }
  }
}
